
Microsoft Visual Studio Solution File, Format Version 12.00
# Visual Studio 14
VisualStudioVersion = 14.0.23107.0
MinimumVisualStudioVersion = 10.0.40219.1
Project("{FAE04EC0-301F-11D3-BF4B-00C04F79EFBC}") = "RocketConfigEditor", "RocketConfigEditor\RocketConfigEditor.csproj", "{ECA9B143-8F17-401A-B7D2-4C72849A5C9C}"
EndProject
Global
	GlobalSection(SolutionConfigurationPlatforms) = preSolution
		Debug|Any CPU = Debug|Any CPU
		Release|Any CPU = Release|Any CPU
	EndGlobalSection
	GlobalSection(ProjectConfigurationPlatforms) = postSolution
		{ECA9B143-8F17-401A-B7D2-4C72849A5C9C}.Debug|Any CPU.ActiveCfg = Release|Any CPU
		{ECA9B143-8F17-401A-B7D2-4C72849A5C9C}.Debug|Any CPU.Build.0 = Release|Any CPU
		{ECA9B143-8F17-401A-B7D2-4C72849A5C9C}.Release|Any CPU.ActiveCfg = Release|Any CPU
		{ECA9B143-8F17-401A-B7D2-4C72849A5C9C}.Release|Any CPU.Build.0 = Release|Any CPU
	EndGlobalSection
	GlobalSection(SolutionProperties) = preSolution
		HideSolutionNode = FALSE
	EndGlobalSection
EndGlobal
